
Microsoft Visual Studio Solution File, Format Version 12.00
# Visual Studio Version 17
VisualStudioVersion = 17.12.35527.113 d17.12
MinimumVisualStudioVersion = 10.0.40219.1
Project("{8BC9CEB8-8B4A-11D0-8D11-00A0C91BC942}") = "LabProjects00", "LabProjects00\LabProjects00.vcxproj", "{5D65B384-5F93-433E-BCF9-04559E9E9E0F}"
EndProject
Project("{8BC9CEB8-8B4A-11D0-8D11-00A0C91BC942}") = "LabProject01", "LabProject01\LabProject01.vcxproj", "{C9E62F76-7785-4DE8-98DB-2E79A5B45AFB}"
EndProject
Project("{8BC9CEB8-8B4A-11D0-8D11-00A0C91BC942}") = "LabProject02", "LabProject02\LabProject02.vcxproj", "{EA1D1192-7D4C-4C4C-BF89-D840D88DCD0C}"
EndProject
Project("{8BC9CEB8-8B4A-11D0-8D11-00A0C91BC942}") = "LabProject03", "LabProject03\LabProject03.vcxproj", "{767253E8-2FC6-46D5-B497-75B95D51F139}"
EndProject
Global
	GlobalSection(SolutionConfigurationPlatforms) = preSolution
		Debug|x64 = Debug|x64
		Debug|x86 = Debug|x86
		Release|x64 = Release|x64
		Release|x86 = Release|x86
	EndGlobalSection
	GlobalSection(ProjectConfigurationPlatforms) = postSolution
		{5D65B384-5F93-433E-BCF9-04559E9E9E0F}.Debug|x64.ActiveCfg = Debug|x64
		{5D65B384-5F93-433E-BCF9-04559E9E9E0F}.Debug|x64.Build.0 = Debug|x64
		{5D65B384-5F93-433E-BCF9-04559E9E9E0F}.Debug|x86.ActiveCfg = Debug|Win32
		{5D65B384-5F93-433E-BCF9-04559E9E9E0F}.Debug|x86.Build.0 = Debug|Win32
		{5D65B384-5F93-433E-BCF9-04559E9E9E0F}.Release|x64.ActiveCfg = Release|x64
		{5D65B384-5F93-433E-BCF9-04559E9E9E0F}.Release|x64.Build.0 = Release|x64
		{5D65B384-5F93-433E-BCF9-04559E9E9E0F}.Release|x86.ActiveCfg = Release|Win32
		{5D65B384-5F93-433E-BCF9-04559E9E9E0F}.Release|x86.Build.0 = Release|Win32
		{C9E62F76-7785-4DE8-98DB-2E79A5B45AFB}.Debug|x64.ActiveCfg = Debug|x64
		{C9E62F76-7785-4DE8-98DB-2E79A5B45AFB}.Debug|x64.Build.0 = Debug|x64
		{C9E62F76-7785-4DE8-98DB-2E79A5B45AFB}.Debug|x86.ActiveCfg = Debug|Win32
		{C9E62F76-7785-4DE8-98DB-2E79A5B45AFB}.Debug|x86.Build.0 = Debug|Win32
		{C9E62F76-7785-4DE8-98DB-2E79A5B45AFB}.Release|x64.ActiveCfg = Release|x64
		{C9E62F76-7785-4DE8-98DB-2E79A5B45AFB}.Release|x64.Build.0 = Release|x64
		{C9E62F76-7785-4DE8-98DB-2E79A5B45AFB}.Release|x86.ActiveCfg = Release|Win32
		{C9E62F76-7785-4DE8-98DB-2E79A5B45AFB}.Release|x86.Build.0 = Release|Win32
		{EA1D1192-7D4C-4C4C-BF89-D840D88DCD0C}.Debug|x64.ActiveCfg = Debug|x64
		{EA1D1192-7D4C-4C4C-BF89-D840D88DCD0C}.Debug|x64.Build.0 = Debug|x64
		{EA1D1192-7D4C-4C4C-BF89-D840D88DCD0C}.Debug|x86.ActiveCfg = Debug|Win32
		{EA1D1192-7D4C-4C4C-BF89-D840D88DCD0C}.Debug|x86.Build.0 = Debug|Win32
		{EA1D1192-7D4C-4C4C-BF89-D840D88DCD0C}.Release|x64.ActiveCfg = Release|x64
		{EA1D1192-7D4C-4C4C-BF89-D840D88DCD0C}.Release|x64.Build.0 = Release|x64
		{EA1D1192-7D4C-4C4C-BF89-D840D88DCD0C}.Release|x86.ActiveCfg = Release|Win32
		{EA1D1192-7D4C-4C4C-BF89-D840D88DCD0C}.Release|x86.Build.0 = Release|Win32
		{767253E8-2FC6-46D5-B497-75B95D51F139}.Debug|x64.ActiveCfg = Debug|x64
		{767253E8-2FC6-46D5-B497-75B95D51F139}.Debug|x64.Build.0 = Debug|x64
		{767253E8-2FC6-46D5-B497-75B95D51F139}.Debug|x86.ActiveCfg = Debug|Win32
		{767253E8-2FC6-46D5-B497-75B95D51F139}.Debug|x86.Build.0 = Debug|Win32
		{767253E8-2FC6-46D5-B497-75B95D51F139}.Release|x64.ActiveCfg = Release|x64
		{767253E8-2FC6-46D5-B497-75B95D51F139}.Release|x64.Build.0 = Release|x64
		{767253E8-2FC6-46D5-B497-75B95D51F139}.Release|x86.ActiveCfg = Release|Win32
		{767253E8-2FC6-46D5-B497-75B95D51F139}.Release|x86.Build.0 = Release|Win32
	EndGlobalSection
	GlobalSection(SolutionProperties) = preSolution
		HideSolutionNode = FALSE
	EndGlobalSection
EndGlobal
